github.com/beorn7/perks v1.0.1 h1:VlbKKnNfV8bJzeqoa4cOKqO6bYr3WgKZxO8Z16+hsOM=
github.com/beorn7/perks v1.0.1/go.mod h1:G2ZrVWU2WbWT9wwq4/hrbKbnv/1ERSJQ0ibhJ6rlkpw=
github.com/bluele/gcache v0.0.2 h1:WcbfdXICg7G/DGBh1PFfcirkWOQV+v077yF1pSy3DGw=
github.com/bluele/gcache v0.0.2/go.mod h1:m15KV+ECjptwSPxKhOhQoAFQVtUFjTVkc3H8o0t/fp0=
github.com/cenkalti/backoff/v5 v5.0.3 h1:ZN+IMa753KfX5hd8vVaMixjnqRZ3y8CuJKRKj1xcsSM=
github.com/cenkalti/backoff/v5 v5.0.3/go.mod h1:rkhZdG3JZukswDf7f0cwqPNk4K0sa+F97BxZthm/crw=
github.com/cespare/xxhash/v2 v2.3.0 h1:UL815xU9SqsFlibzuggzjXhog7bL6oX9BbNZnL2UFvs=
github.com/cespare/xxhash/v2 v2.3.0/go.mod h1:VGX0DQ3Q6kWi7AoAeZDth3/j3BFtOZR5XLFGgcrjCOs=
github.com/coreos/go-systemd/v22 v22.7.0 h1:LAEzFkke61DFROc7zNLX/WA2i5J8gYqe0rSj9KI28KA=
github.com/coreos/go-systemd/v22 v22.7.0/go.mod h1:xNUYtjHu2EDXbsxz1i41wouACIwT7Ybq9o0BQhMwD0w=
github.com/crowdsecurity/crowdsec v1.8.0-rc1.0.20260728152734-eb5391c224d6 h1:qBAaawJF9awJmIryFIKNGxwHhj6A5L10HTjwrEfIf24=
github.com/crowdsecurity/crowdsec v1.8.0-rc1.0.20260728152734-eb5391c224d6/go.mod h1:bF3VEjeN5lhrdNHxpbAZtsTJiR0at5rZtYr+99sqiNs=
github.com/crowdsecurity/go-cs-bouncer v0.0.19 h1:N4B6dz00IIapTM1nPhHYklbWdbxPivcD/FoD7VYcfwc=
github.com/crowdsecurity/go-cs-bouncer v0.0.19/go.mod h1:Mq3KnK44qG+UIVKuQP4gxCOY6uiylTZ8Ty3pCAkupKg=
github.com/crowdsecurity/go-cs-lib v0.0.25 h1:Ov6VPW9yV+OPsbAIQk1iTkEWhwkpaG0v3lrBzeqjzj4=
github.com/crowdsecurity/go-cs-lib v0.0.25/go.mod h1:X0GMJY2CxdA1S09SpuqIKaWQsvRGxXmecUp9cP599dE=
github.com/davecgh/go-spew v1.1.2-0.20180830191138-d8f796af33cc h1:U9qPSI2PIWSS1VwoXQT9A3Wy9MM3WgvqSxFWenqJduM=
github.com/davecgh/go-spew v1.1.2-0.20180830191138-d8f796af33cc/go.mod h1:J7Y8YcW2NihsgmVo/mv3lAwl/skON4iLHjSsI+c5H38=
github.com/dropmorepackets/haproxy-go v0.0.7 h1:atXkB0MSRBZrAgpq+Vj/E4KysQ4CiI0O5QGUr+HvfTw=
github.com/dropmorepackets/haproxy-go v0.0.7/go.mod h1:4a2AmmVjvg2zPNdizGZrMN8ZSUpj90U43VlcdbOIBnU=
github.com/ebitengine/purego v0.10.0 h1:QIw4xfpWT6GWTzaW5XEKy3HXoqrJGx1ijYHzTF0/ISU=
github.com/ebitengine/purego v0.10.0/go.mod h1:iIjxzd6CiRiOG0UyXP+V1+jWqUXVjPKLAI0mRfJZTmQ=
github.com/gaissmai/bart v0.25.0 h1:eqiokVPqM3F94vJ0bTHXHtH91S8zkKL+bKh+BsGOsJM=
github.com/gaissmai/bart v0.25.0/go.mod h1:GREWQfTLRWz/c5FTOsIw+KkscuFkIV5t8Rp7Nd1Td5c=
github.com/go-ole/go-ole v1.2.6/go.mod h1:pprOEPIfldk/42T2oK7lQ4v4JSDwmV0As9GaiUsvbm0=
github.com/go-ole/go-ole v1.3.0 h1:Dt6ye7+vXGIKZ7Xtk4s6/xVdGDQynvom7xCFEdWr6uE=
github.com/go-ole/go-ole v1.3.0/go.mod h1:5LS6F96DhAwUc7C+1HLexzMXY1xGRSryjyPPKW6zv78=
github.com/go-openapi/analysis v0.25.5 h1:xPYEvTb90o1y0epuiOPAoG4QqahjP3cdp5xNlHeKJRI=
github.com/go-openapi/analysis v0.25.5/go.mod h1:d3UGtQC5uq5Kqqqis2VH09Km/v3vwsWrYkbp4gdm+Rc=
github.com/go-openapi/errors v0.22.8 h1:oP7sW7TWc3wFFjrzzj0nI83H2qMBkNjNfSd+XRejk/I=
github.com/go-openapi/errors v0.22.8/go.mod h1:BuUoHcYrU6E7V9gfj1I5wLQqgtIHnup/alXZ8KdgQ0w=
github.com/go-openapi/jsonpointer v1.0.0 h1:kR9tHqY0CtZaOPVFm622dPVNhrvYpwr4uCxgL3h1H8s=
github.com/go-openapi/jsonpointer v1.0.0/go.mod h1:Z3rw7dWu1p9IgitXCFamSlA5lmDiklEB6vkaxcNZW5Y=
github.com/go-openapi/jsonreference v1.0.0 h1:jlmTr6torcd1YgDQvSfNmRtKzYDO4FGBkrAdlAVWnpY=
github.com/go-openapi/jsonreference v1.0.0/go.mod h1:jtwdyGbJk0Xhe5Y+rwtglQP6Sb1WZST4rT32LWB+sv0=
github.com/go-openapi/loads v0.25.0 h1:74Bc2snfaVlsHzwdQj/3gsA9XJz3daXTJVs+4ZaK7jI=
github.com/go-openapi/loads v0.25.0/go.mod h1:JFBw4SIB9+PTIFHDfcXuSSy5h6aWzjtUCrPYyx3qWU8=
github.com/go-openapi/spec v0.22.9 h1:/vKIFDcGKp0ktZWGbym/tJEWbk6/XOEmAVU0kqKMH+w=
github.com/go-openapi/spec v0.22.9/go.mod h1:b/mNUYIOQOyIiUzUzXEE8xzyZqf93KvM9hQGP91yfl0=
github.com/go-openapi/strfmt v0.27.0 h1:kbcTeaD9TXuXD0hhMXzuYa1sdTo6+dWGvwjW93E80IM=
github.com/go-openapi/strfmt v0.27.0/go.mod h1:s/qhDqfY72irigXUGJmtgid2Rm+3tnz3k8hZaRmvWYc=
github.com/go-openapi/swag v0.27.3 h1:i6oVKkGZeFgETHMiBHGtj9gIQ1aLtWDdJnT/SRZeets=
github.com/go-openapi/swag v0.27.3/go.mod h1:qEXs3GcyyQTDCFQ4ykqnLPDh8qT+zBcjbVWdxCAW0Us=
github.com/go-openapi/swag/cmdutils v0.27.3 h1:sjuL0TvW81i9R9GRMO/fy+c3mOW+7zxRYwy/7fobZt4=
github.com/go-openapi/swag/cmdutils v0.27.3/go.mod h1:Sm1MVFMkF6guJJ+pQqHnQA3N0j9qALV3NxzDSv6bETM=
github.com/go-openapi/swag/conv v0.27.3 h1:iqJFmGEjmX3AY0lSszABFqRVqOSt99XS0LzNIMJYuhU=
github.com/go-openapi/swag/conv v0.27.3/go.mod h1:nPRmN6jgNme99hpf+nM0auDZGALWIqlwhisKPK/bQhQ=
github.com/go-openapi/swag/fileutils v0.27.3 h1:3UVoZ2RLaIs1lt+2jcKzL8RM3Yk0rmsDE9FLA/HGxFE=
github.com/go-openapi/swag/fileutils v0.27.3/go.mod h1:VvJFZLTZS0AI854gEQz5tk7dBESdLjiNUMSZ/th2ry8=
github.com/go-openapi/swag/jsonutils v0.27.3 h1:1DEz+O82frtSMBcos/7XIn1GnpNTbsD4Bru4Dc/uhRc=
github.com/go-openapi/swag/jsonutils v0.27.3/go.mod h1:qiDCoQvzkMxrV3G8FLEdIU5L+EFYc0zcDOHWT3Yofvo=
github.com/go-openapi/swag/jsonutils/fixtures_test v0.27.3 h1:h/eT9kmGCDdFLJF29lOhzLtF0FmP1AX2MhLJWVebsb8=
github.com/go-openapi/swag/jsonutils/fixtures_test v0.27.3/go.mod h1:mofwUWx70wvskwESqRJ//k/9kURmCgyJl5m5Ppoh5kY=
github.com/go-openapi/swag/loading v0.27.3 h1:L9nQkEgzU7QgFQL+pLEMfGUKxeM4pWwGwbET9Z3weW0=
github.com/go-openapi/swag/loading v0.27.3/go.mod h1:rJ0NeaKsF4CVPnMGjPQl7JlSHzvD0bc2DKXLss1hiuE=
github.com/go-openapi/swag/mangling v0.27.3 h1:gRzzD1PAUoLTtGMgI3KpBmCSOlTuLTFWnviLxLcTnyg=
github.com/go-openapi/swag/mangling v0.27.3/go.mod h1:jtBE2+V+3pILxOR7Vgce+Cwp6A2PgZbvVqfNntbVs0w=
github.com/go-openapi/swag/netutils v0.27.3 h1:IoBvfCoprsE6E87kAIm9basnISqDDqB79mJ8MN+f5PU=
github.com/go-openapi/swag/netutils v0.27.3/go.mod h1:J+WYyFMLtvtCGqa6jLv+YNUmIKI3ZRQRrvfNDMoQoEQ=
github.com/go-openapi/swag/pools v0.27.3 h1:gXjImP3F6/56wRRcFgEPld084Y6u2gs21ikPBt8NKBk=
github.com/go-openapi/swag/pools v0.27.3/go.mod h1:kVQefhSK5RWuRe7BXsL8htgBPAMpN7HDGpGEknqugeE=
github.com/go-openapi/swag/stringutils v0.27.3 h1:Ru28hnbAvN5wycALQYy8IobHvASq+FUFMlp1QzLM0JI=
github.com/go-openapi/swag/stringutils v0.27.3/go.mod h1:lzRN95CxXmA03XcDWHLOb6nOMcxCqR5rGY0lOgsfRoM=
github.com/go-openapi/swag/typeutils v0.27.3 h1:l6SSrx5eR5/WVwrGNzN6bQ9WqL04mrxNBl9YgQ3rcJ4=
github.com/go-openapi/swag/typeutils v0.27.3/go.mod h1:Srm0xFNRZ1Y+vCxJclo5qzx8aj+1pAKda/YfFPrG0dQ=
github.com/go-openapi/swag/yamlutils v0.27.3 h1:cRFCAoYtslYn9L9T0xWryHy1t7c1MACC+DMj3CLvwvs=
github.com/go-openapi/swag/yamlutils v0.27.3/go.mod h1:6JYBGj8sw/NawMllyZY+cTA8Mzk2etS3ZBASdcyPsiU=
github.com/go-openapi/testify/enable/yaml/v2 v2.6.0 h1:gGHwAJ0R/5jU8BEGDbfRNR3hL68dAVi84WuOApp29B0=
github.com/go-openapi/testify/enable/yaml/v2 v2.6.0/go.mod h1:tY+St1SGq4NFl0QIqdTY4aEdbChAHxhyB77XQi9iJCo=
github.com/go-openapi/testify/v2 v2.6.0 h1:5PKH2HE7YJ/LuRPQGvSxBRlFXNQhSetBLlGAgUEu3ug=
github.com/go-openapi/testify/v2 v2.6.0/go.mod h1:SgsVHtfooshd0tublTtJ50FPKhujf47YRqauXXOUxfw=
github.com/go-openapi/validate v0.26.1 h1:pZSbvtRO8G2R2FpWTYRn3w8LrsNwbtaVhP2dWiBa0Us=
github.com/go-openapi/validate v0.26.1/go.mod h1:B8UMgXiQiwwQWIbmuROlwJZDPGlikPuh7iHV1vPX9Oo=
github.com/go-viper/mapstructure/v2 v2.5.0 h1:vM5IJoUAy3d7zRSVtIwQgBj7BiWtMPfmPEgAXnvj1Ro=
github.com/go-viper/mapstructure/v2 v2.5.0/go.mod h1:oJDH3BJKyqBA2TXFhDsKDGDTlndYOZ6rGS0BRZIxGhM=
github.com/goccy/go-yaml v1.19.2 h1:PmFC1S6h8ljIz6gMRBopkjP1TVT7xuwrButHID66PoM=
github.com/goccy/go-yaml v1.19.2/go.mod h1:XBurs7gK8ATbW4ZPGKgcbrY1Br56PdM69F7LkFRi1kA=
github.com/golang-jwt/jwt/v4 v4.5.2 h1:YtQM7lnr8iZ+j5q71MGKkNw9Mn7AjHM68uc9g5fXeUI=
github.com/golang-jwt/jwt/v4 v4.5.2/go.mod h1:m21LjoU+eqJr34lmDMbreY2eSTRJ1cv77w39/MY0Ch0=
github.com/golang-jwt/jwt/v5 v5.3.1 h1:kYf81DTWFe7t+1VvL7eS+jKFVWaUnK9cB1qbwn63YCY=
github.com/golang-jwt/jwt/v5 v5.3.1/go.mod h1:fxCRLWMO43lRc8nhHWY6LGqRcf+1gQWArsqaEUEa5bE=
github.com/google/go-cmp v0.6.0/go.mod h1:17dUlkBOakJ0+DkrSSNjCkIjxS6bF9zb3elmeNGIjoY=
github.com/google/go-cmp v0.7.0 h1:wk8382ETsv4JYUZwIsn6YpYiWiBsYLSJiTsyBybVuN8=
github.com/google/go-cmp v0.7.0/go.mod h1:pXiqmnSA92OHEEa9HXL2W4E7lf9JzCmGVUdgjX3N/iU=
github.com/google/go-querystring v1.2.0 h1:yhqkPbu2/OH+V9BfpCVPZkNmUXhb2gBxJArfhIxNtP0=
github.com/google/go-querystring v1.2.0/go.mod h1:8IFJqpSRITyJ8QhQ13bmbeMBDfmeEJZD5A0egEOmkqU=
github.com/google/uuid v1.6.0 h1:NIvaJDMOsjHA8n1jAhLSgzrAzy1Hgr+hNrb57e+94F0=
github.com/google/uuid v1.6.0/go.mod h1:TIyPZe4MgqvfeYDBFedMoGGpEw/LqOeaOT+nhxU+yHo=
github.com/inconshreveable/mousetrap v1.1.0 h1:wN+x4NVGpMsO7ErUn/mUI3vEoE6Jt13X2s0bqwp9tc8=
github.com/inconshreveable/mousetrap v1.1.0/go.mod h1:vpF70FUmC8bwa3OWnCshd2FqLfsEA9PFc4w1p2J65bw=
github.com/klauspost/compress v1.19.1 h1:VsB4HPswih7mmZ8WleSFQ75c/Ui1M4trX5oAsJnhSlk=
github.com/klauspost/compress v1.19.1/go.mod h1:cwPg85FWrGar70rWktvGQj8/hthj3wpl0PGDogxkrSQ=
github.com/kylelemons/godebug v1.1.0 h1:RPNrshWIDI6G2gRW9EHilWtl7Z6Sb1BR0xunSBf0SNc=
github.com/kylelemons/godebug v1.1.0/go.mod h1:9/0rRGxNHcop5bhtWyNeEfOS8JIWk580+fNqagV/RAw=
github.com/lufia/plan9stats v0.0.0-20260330125221-c963978e514e h1:Q6MvJtQK/iRcRtzAscm/zF23XxJlbECiGPyRicsX+Ak=
github.com/lufia/plan9stats v0.0.0-20260330125221-c963978e514e/go.mod h1:autxFIvghDt3jPTLoqZ9OZ7s9qTGNAWmYCjVFWPX/zg=
github.com/munnerz/goautoneg v0.0.0-20191010083416-a7dc8b61c822 h1:C3w9PqII01/Oq1c1nUAm88MOHcQC9l5mIlSMApZMrHA=
github.com/munnerz/goautoneg v0.0.0-20191010083416-a7dc8b61c822/go.mod h1:+n7T8mK8HuQTcFwEeznm/DIxMOiR9yIdICNftLE1DvQ=
github.com/oklog/ulid/v2 v2.1.1 h1:suPZ4ARWLOJLegGFiZZ1dFAkqzhMjL3J1TzI+5wHz8s=
github.com/oklog/ulid/v2 v2.1.1/go.mod h1:rcEKHmBBKfef9DhnvX7y1HZBYxjXb0cP5ExxNsTT1QQ=
github.com/oschwald/geoip2-golang/v2 v2.0.0 h1:1GZ7MsQsbIKeOXMDV2MqBVfV8NuCIqWatomkS67LwQo=
github.com/oschwald/geoip2-golang/v2 v2.0.0/go.mod h1:MR3+NmQTkjxyJ/u6iZJSfpfy5al/QqsaJL1Gg6uI7sU=
github.com/oschwald/maxminddb-golang/v2 v2.0.0 h1:Gyljxck1kHbBxDgLM++NfDWBqvu1pWWfT8XbosSo0bo=
github.com/oschwald/maxminddb-golang/v2 v2.0.0/go.mod h1:gG4V88LsawPEqtbL1Veh1WRh+nVSYwXzJ1P5Fcn77g0=
github.com/pborman/getopt v0.0.0-20170112200414-7148bc3a4c30/go.mod h1:85jBQOZwpVEaDAr341tbn15RS4fCAsIst0qp7i8ex1o=
github.com/pmezard/go-difflib v1.0.1-0.20181226105442-5d4384ee4fb2 h1:Jamvg5psRIccs7FGNTlIRMkT8wgtp5eCXdBlqhYGL6U=
github.com/pmezard/go-difflib v1.0.1-0.20181226105442-5d4384ee4fb2/go.mod h1:iKH77koFhYxTK1pcRnkKkqfTogsbg7gZNVY4sRDYZ/4=
github.com/power-devops/perfstat v0.0.0-20240221224432-82ca36839d55 h1:o4JXh1EVt9k/+g42oCprj/FisM4qX9L3sZB3upGN2ZU=
github.com/power-devops/perfstat v0.0.0-20240221224432-82ca36839d55/go.mod h1:OmDBASR4679mdNQnz2pUhc2G8CO2JrUAVFDRBDP/hJE=
github.com/prometheus/client_golang v1.24.1 h1:JnJkREXzWxUdCuPFpIWZiPispT9xVV59uiuyR2bPlnU=
github.com/prometheus/client_golang v1.24.1/go.mod h1:F+oSRECHg4sse5ucfYpYDeIv/hu68Zo0uoHKetWnzcE=
github.com/prometheus/client_model v0.6.2 h1:oBsgwpGs7iVziMvrGhE53c/GrLUsZdHnqNwqPLxwZyk=
github.com/prometheus/client_model v0.6.2/go.mod h1:y3m2F6Gdpfy6Ut/GBsUqTWZqCUvMVzSfMLjcu6wAwpE=
github.com/prometheus/common v0.70.1 h1:1HvjP4D5oL3t8RsPlwxA9onvvStjtIHYE5XuuwOi/PY=
github.com/prometheus/common v0.70.1/go.mod h1:VdFUQDMZK3VLkurFUVhia6uys/0suUp86TJz5qbJRhc=
github.com/prometheus/procfs v0.21.1 h1:GljZCt+zSTS+NZq88cyQ1LjZ+RCHp3uVuabBWA5+OJI=
github.com/prometheus/procfs v0.21.1/go.mod h1:aB55Cww9pdSJVHk0hUf0inxWyyjPogFIjmHKYgMKmtY=
github.com/shirou/gopsutil/v4 v4.26.6 h1:Mzr/npDtQC/xpeEuQKHZt8Zo9CmPvhTj8nkR8w5TLDs=
github.com/shirou/gopsutil/v4 v4.26.6/go.mod h1:LZ6ewCSkBqUpvSOf+LsTGnRinC6iaNUNMGBtDkJBaLQ=
github.com/sirupsen/logrus v1.9.4 h1:TsZE7l11zFCLZnZ+teH4Umoq5BhEIfIzfRDZ1Uzql2w=
github.com/sirupsen/logrus v1.9.4/go.mod h1:ftWc9WdOfJ0a92nsE2jF5u5ZwH8Bv2zdeOC42RjbV2g=
github.com/spf13/cobra v1.10.2 h1:DMTTonx5m65Ic0GOoRY2c16WCbHxOOw6xxezuLaBpcU=
github.com/spf13/cobra v1.10.2/go.mod h1:7C1pvHqHw5A4vrJfjNwvOdzYu0Gml16OCs2GRiTUUS4=
github.com/spf13/pflag v1.0.10 h1:4EBh2KAYBwaONj6b2Ye1GiHfwjqyROoF4RwYO+vPwFk=
github.com/spf13/pflag v1.0.10/go.mod h1:McXfInJRrz4CZXVZOBLb0bTZqETkiAhM9Iw0y3An2Bg=
github.com/stretchr/testify v1.11.1 h1:7s2iGBzp5EwR7/aIZr8ao5+dra3wiQyKjjFuvgVKu7U=
github.com/stretchr/testify v1.11.1/go.mod h1:wZwfW3scLgRK+23gO65QZefKpKQRnfz6sD981Nm4B6U=
github.com/tklauser/go-sysconf v0.3.16 h1:frioLaCQSsF5Cy1jgRBrzr6t502KIIwQ0MArYICU0nA=
github.com/tklauser/go-sysconf v0.3.16/go.mod h1:/qNL9xxDhc7tx3HSRsLWNnuzbVfh3e7gh/BmM179nYI=
github.com/tklauser/numcpus v0.11.0 h1:nSTwhKH5e1dMNsCdVBukSZrURJRoHbSEQjdEbY+9RXw=
github.com/tklauser/numcpus v0.11.0/go.mod h1:z+LwcLq54uWZTX0u/bGobaV34u6V7KNlTZejzM6/3MQ=
github.com/yusufpapurcu/wmi v1.2.4 h1:zFUKzehAFReQwLys1b/iSMl+JQGSCSjtVqQn9bBrPo0=
github.com/yusufpapurcu/wmi v1.2.4/go.mod h1:SBZ9tNy3G9/m5Oi98Zks0QjeHVDvuK0qfxQmPyzfmi0=
go.uber.org/goleak v1.3.0 h1:2K3zAYmnTNqV73imy9J1T3WC+gmCePx2hEGkimedGto=
go.uber.org/goleak v1.3.0/go.mod h1:CoHD4mav9JJNrW/WLlf7HGZPjdw8EucARQHekz1X6bE=
go.yaml.in/yaml/v2 v2.4.4 h1:tuyd0P+2Ont/d6e2rl3be67goVK4R6deVxCUX5vyPaQ=
go.yaml.in/yaml/v2 v2.4.4/go.mod h1:gMZqIpDtDqOfM0uNfy0SkpRhvUryYH0Z6wdMYcacYXQ=
go.yaml.in/yaml/v3 v3.0.4 h1:tfq32ie2Jv2UxXFdLJdh3jXuOzWiL1fo0bu/FbuKpbc=
go.yaml.in/yaml/v3 v3.0.4/go.mod h1:DhzuOOF2ATzADvBadXxruRBLzYTpT36CKvDb3+aBEFg=
golang.org/x/net v0.57.0 h1:K5+3DljvIuDG9/Jv9rvyMywYNFCQ9RSUY6OOTTkT+tE=
golang.org/x/net v0.57.0/go.mod h1:KpXc8iv+r3XplLAG/f7Jsf9RPszJzdR0f58q9vGOuEU=
golang.org/x/sync v0.22.0 h1:SZjpbeLmrCk4xhRSZFNZW5gFUeCeFgjekvI/+gfScek=
golang.org/x/sync v0.22.0/go.mod h1:9xrNwdLfx4jkKbNva9FpL6vEN7evnE43NNNJQ2LF3+0=
golang.org/x/sys v0.0.0-20190916202348-b4ddaad3f8a3/go.mod h1:h1NjWce9XRLGQEsW7wpKNCjG9DtNlClVuFLEZdDNbEs=
golang.org/x/sys v0.0.0-20201204225414-ed752295db88/go.mod h1:h1NjWce9XRLGQEsW7wpKNCjG9DtNlClVuFLEZdDNbEs=
golang.org/x/sys v0.1.0/go.mod h1:oPkhp1MJrh7nUepCBck5+mAzfO9JrbApNNgaTdGDITg=
golang.org/x/sys v0.47.0 h1:o7XGOvZQCADBQQ4Y7VNq2dRWQR7JmOUW8Kxx4ZsNgWs=
golang.org/x/sys v0.47.0/go.mod h1:4GL1E5IUh+htKOUEOaiffhrAeqysfVGipDYzABqnCmw=
golang.org/x/text v0.40.0 h1:Ub2Z6/xjgF1WrYQz2nuITOEegKFtiIy+rieRJ5lHZKs=
golang.org/x/text v0.40.0/go.mod h1:hpnzDAfGV753zIKo+wk3u1bVKCGPbrnF7+7LBF/UHVY=
google.golang.org/protobuf v1.36.12-0.20260120151049-f2248ac996af h1:+5/Sw3GsDNlEmu7TfklWKPdQ0Ykja5VEmq2i817+jbI=
google.golang.org/protobuf v1.36.12-0.20260120151049-f2248ac996af/go.mod h1:HTf+CrKn2C3g5S8VImy6tdcUvCska2kB7j23XfzDpco=
gopkg.in/check.v1 v0.0.0-20161208181325-20d25e280405 h1:yhCVgyC4o1eVCa2tZl7eS0r+SDo693bJlVdllGtEeKM=
gopkg.in/check.v1 v0.0.0-20161208181325-20d25e280405/go.mod h1:Co6ibVJAznAaIkqp8huTwlJQCZ016jof/cbN4VW5Yz0=
gopkg.in/natefinch/lumberjack.v2 v2.2.1 h1:bBRl1b0OH9s/DuPhuXpNl+VtCaJXFZ5/uEFST95x9zc=
gopkg.in/natefinch/lumberjack.v2 v2.2.1/go.mod h1:YD8tP3GAjkrDg1eZH7EGmyESg/lsYskCTPBJVb9jqSc=
gopkg.in/yaml.v2 v2.4.0 h1:D8xgwECY7CYvx+Y2n4sBz93Jn9JRvxdiyyo8CTfuKaY=
gopkg.in/yaml.v2 v2.4.0/go.mod h1:RDklbk79AGWmwhnvt/jBztapEOGDOx6ZbXqjP6csGnQ=
gopkg.in/yaml.v3 v3.0.1 h1:fxVm/GzAzEWqLHuvctI91KS9hhNmmWOoWu0XTYJS7CA=
gopkg.in/yaml.v3 v3.0.1/go.mod h1:K4uyk7z7BCEPqu6E+C64Yfv1cQ7kz7rIZviUmN+EgEM=
